
Microsoft Visual Studio Solution File, Format Version 12.00
# Visual Studio Version 16
VisualStudioVersion = 16.0.30804.86
MinimumVisualStudioVersion = 10.0.40219.1
Project("{9A19103F-16F7-4668-BE54-9A1E7A4F7556}") = "SuperMarket", "SuperMarket\SuperMarket.csproj", "{FEEC8EBB-732B-4CB4-956F-0BB2CE8881F9}"
EndProject
Project("{9A19103F-16F7-4668-BE54-9A1E7A4F7556}") = "SuperMarketTest", "SuperMarketTest\SuperMarketTest.csproj", "{8E414FE7-5F4C-446E-BBC2-00EE69B8E62A}"
EndProject
Project("{2150E333-8FDC-42A3-9474-1A3956D46DE8}") = "FirstSolution", "FirstSolution", "{D1EA9125-609F-4222-93DC-734D28A53F1D}"
EndProject
Project("{2150E333-8FDC-42A3-9474-1A3956D46DE8}") = "SecondSolution", "SecondSolution", "{C6925432-CE93-43CA-87BB-43716EEDDF7C}"
EndProject
Global
	GlobalSection(SolutionConfigurationPlatforms) = preSolution
		Debug|Any CPU = Debug|Any CPU
		Release|Any CPU = Release|Any CPU
	EndGlobalSection
	GlobalSection(ProjectConfigurationPlatforms) = postSolution
		{FEEC8EBB-732B-4CB4-956F-0BB2CE8881F9}.Debug|Any CPU.ActiveCfg = Debug|Any CPU
		{FEEC8EBB-732B-4CB4-956F-0BB2CE8881F9}.Debug|Any CPU.Build.0 = Debug|Any CPU
		{FEEC8EBB-732B-4CB4-956F-0BB2CE8881F9}.Release|Any CPU.ActiveCfg = Release|Any CPU
		{FEEC8EBB-732B-4CB4-956F-0BB2CE8881F9}.Release|Any CPU.Build.0 = Release|Any CPU
		{8E414FE7-5F4C-446E-BBC2-00EE69B8E62A}.Debug|Any CPU.ActiveCfg = Debug|Any CPU
		{8E414FE7-5F4C-446E-BBC2-00EE69B8E62A}.Debug|Any CPU.Build.0 = Debug|Any CPU
		{8E414FE7-5F4C-446E-BBC2-00EE69B8E62A}.Release|Any CPU.ActiveCfg = Release|Any CPU
		{8E414FE7-5F4C-446E-BBC2-00EE69B8E62A}.Release|Any CPU.Build.0 = Release|Any CPU
	EndGlobalSection
	GlobalSection(SolutionProperties) = preSolution
		HideSolutionNode = FALSE
	EndGlobalSection
	GlobalSection(NestedProjects) = preSolution
		{FEEC8EBB-732B-4CB4-956F-0BB2CE8881F9} = {D1EA9125-609F-4222-93DC-734D28A53F1D}
		{8E414FE7-5F4C-446E-BBC2-00EE69B8E62A} = {D1EA9125-609F-4222-93DC-734D28A53F1D}
	EndGlobalSection
	GlobalSection(ExtensibilityGlobals) = postSolution
		SolutionGuid = {6B641B75-4AB2-4595-96FA-FD7BAF334E40}
	EndGlobalSection
EndGlobal
